
Microsoft Visual Studio Solution File, Format Version 12.00
# Visual Studio Version 16
VisualStudioVersion = 16.0.31005.135
MinimumVisualStudioVersion = 10.0.40219.1
Project("{FAE04EC0-301F-11D3-BF4B-00C04F79EFBC}") = "M3HW2_alderb6714", "M3HW2_alderb6714\M3HW2_alderb6714.csproj", "{912BE2B1-FA55-4094-B526-7294B5B99780}"
EndProject
Project("{FAE04EC0-301F-11D3-BF4B-00C04F79EFBC}") = "MyClassLibrary", "MyClassLibrary\MyClassLibrary.csproj", "{D18AB6F8-F18F-4B35-8E79-7F680DFA4FA6}"
EndProject
Global
	GlobalSection(SolutionConfigurationPlatforms) = preSolution
		Debug|Any CPU = Debug|Any CPU
		Release|Any CPU = Release|Any CPU
	EndGlobalSection
	GlobalSection(ProjectConfigurationPlatforms) = postSolution
		{912BE2B1-FA55-4094-B526-7294B5B99780}.Debug|Any CPU.ActiveCfg = Debug|Any CPU
		{912BE2B1-FA55-4094-B526-7294B5B99780}.Debug|Any CPU.Build.0 = Debug|Any CPU
		{912BE2B1-FA55-4094-B526-7294B5B99780}.Release|Any CPU.ActiveCfg = Release|Any CPU
		{912BE2B1-FA55-4094-B526-7294B5B99780}.Release|Any CPU.Build.0 = Release|Any CPU
		{D18AB6F8-F18F-4B35-8E79-7F680DFA4FA6}.Debug|Any CPU.ActiveCfg = Debug|Any CPU
		{D18AB6F8-F18F-4B35-8E79-7F680DFA4FA6}.Debug|Any CPU.Build.0 = Debug|Any CPU
		{D18AB6F8-F18F-4B35-8E79-7F680DFA4FA6}.Release|Any CPU.ActiveCfg = Release|Any CPU
		{D18AB6F8-F18F-4B35-8E79-7F680DFA4FA6}.Release|Any CPU.Build.0 = Release|Any CPU
	EndGlobalSection
	GlobalSection(SolutionProperties) = preSolution
		HideSolutionNode = FALSE
	EndGlobalSection
	GlobalSection(ExtensibilityGlobals) = postSolution
		SolutionGuid = {6F99893C-45F2-4CA7-B4E8-AD8982FFA449}
	EndGlobalSection
EndGlobal
