
Microsoft Visual Studio Solution File, Format Version 12.00
# Visual Studio Version 16
VisualStudioVersion = 16.0.31005.135
MinimumVisualStudioVersion = 10.0.40219.1
Project("{FAE04EC0-301F-11D3-BF4B-00C04F79EFBC}") = "WinUI", "WinUI\WinUI.csproj", "{AB0D45B7-55C4-4C0F-B67D-56BEACE6F174}"
EndProject
Project("{FAE04EC0-301F-11D3-BF4B-00C04F79EFBC}") = "EmployeeClassLibrary", "EmployeeClassLibrary\EmployeeClassLibrary.csproj", "{C74E8334-5331-4327-B171-D61AB5076EB0}"
EndProject
Global
	GlobalSection(SolutionConfigurationPlatforms) = preSolution
		Debug|Any CPU = Debug|Any CPU
		Release|Any CPU = Release|Any CPU
	EndGlobalSection
	GlobalSection(ProjectConfigurationPlatforms) = postSolution
		{AB0D45B7-55C4-4C0F-B67D-56BEACE6F174}.Debug|Any CPU.ActiveCfg = Debug|Any CPU
		{AB0D45B7-55C4-4C0F-B67D-56BEACE6F174}.Debug|Any CPU.Build.0 = Debug|Any CPU
		{AB0D45B7-55C4-4C0F-B67D-56BEACE6F174}.Release|Any CPU.ActiveCfg = Release|Any CPU
		{AB0D45B7-55C4-4C0F-B67D-56BEACE6F174}.Release|Any CPU.Build.0 = Release|Any CPU
		{C74E8334-5331-4327-B171-D61AB5076EB0}.Debug|Any CPU.ActiveCfg = Debug|Any CPU
		{C74E8334-5331-4327-B171-D61AB5076EB0}.Debug|Any CPU.Build.0 = Debug|Any CPU
		{C74E8334-5331-4327-B171-D61AB5076EB0}.Release|Any CPU.ActiveCfg = Release|Any CPU
		{C74E8334-5331-4327-B171-D61AB5076EB0}.Release|Any CPU.Build.0 = Release|Any CPU
	EndGlobalSection
	GlobalSection(SolutionProperties) = preSolution
		HideSolutionNode = FALSE
	EndGlobalSection
	GlobalSection(ExtensibilityGlobals) = postSolution
		SolutionGuid = {36342370-54B4-4E1A-BB9C-9EEAD37BACE6}
	EndGlobalSection
EndGlobal
