
Microsoft Visual Studio Solution File, Format Version 12.00
# Visual Studio Version 16
VisualStudioVersion = 16.0.30907.101
MinimumVisualStudioVersion = 10.0.40219.1
Project("{FAE04EC0-301F-11D3-BF4B-00C04F79EFBC}") = "M2HW2_Alderb6714", "M2HW2_Alderb6714\M2HW2_Alderb6714.csproj", "{06F18C8E-4621-4470-8589-FF7E1D64FC89}"
EndProject
Global
	GlobalSection(SolutionConfigurationPlatforms) = preSolution
		Debug|Any CPU = Debug|Any CPU
		Release|Any CPU = Release|Any CPU
	EndGlobalSection
	GlobalSection(ProjectConfigurationPlatforms) = postSolution
		{06F18C8E-4621-4470-8589-FF7E1D64FC89}.Debug|Any CPU.ActiveCfg = Debug|Any CPU
		{06F18C8E-4621-4470-8589-FF7E1D64FC89}.Debug|Any CPU.Build.0 = Debug|Any CPU
		{06F18C8E-4621-4470-8589-FF7E1D64FC89}.Release|Any CPU.ActiveCfg = Release|Any CPU
		{06F18C8E-4621-4470-8589-FF7E1D64FC89}.Release|Any CPU.Build.0 = Release|Any CPU
	EndGlobalSection
	GlobalSection(SolutionProperties) = preSolution
		HideSolutionNode = FALSE
	EndGlobalSection
	GlobalSection(ExtensibilityGlobals) = postSolution
		SolutionGuid = {07F45EE1-358E-4152-A410-834BF29DEC1E}
	EndGlobalSection
EndGlobal
